
Microsoft Visual Studio Solution File, Format Version 12.00
# Visual Studio Version 17
VisualStudioVersion = 17.9.34607.119
MinimumVisualStudioVersion = 10.0.40219.1
Project("{9A19103F-16F7-4668-BE54-9A1E7A4F7556}") = "Donut.Core", "Donut.Core\Donut.Core.csproj", "{2A2F2C41-5C6F-4829-8140-3330080DA391}"
EndProject
Project("{9A19103F-16F7-4668-BE54-9A1E7A4F7556}") = "Donut.Filters", "Donut.Filters\Donut.Filters.csproj", "{181DE24B-136E-455B-9DD5-383C7E683747}"
EndProject
Project("{2150E333-8FDC-42A3-9474-1A3956D46DE8}") = "Tests", "Tests", "{9CCB26FC-57FD-4C19-A823-8E627C58A1FA}"
EndProject
Project("{9A19103F-16F7-4668-BE54-9A1E7A4F7556}") = "Donut.Filters.Tests", "Donut.Filters.Tests\Donut.Filters.Tests.csproj", "{510D7D1B-24F2-49ED-ADE7-33F24305CF39}"
EndProject
Project("{2150E333-8FDC-42A3-9474-1A3956D46DE8}") = "Core", "Core", "{80DCA1FC-CF68-4356-B8A7-495823286097}"
EndProject
Project("{9A19103F-16F7-4668-BE54-9A1E7A4F7556}") = "Donut.QueryBuilding", "Donut.QueryBuilding\Donut.QueryBuilding.csproj", "{06AE8C02-59A9-41BF-946E-7AEBEBEF53FD}"
EndProject
Project("{9A19103F-16F7-4668-BE54-9A1E7A4F7556}") = "Donut.Filters.Execution", "Donut.Filters.Execution\Donut.Filters.Execution.csproj", "{C14B7EDB-C176-43D5-8CE4-349A291018B8}"
EndProject
Project("{9A19103F-16F7-4668-BE54-9A1E7A4F7556}") = "Donut.Filters.Execution.Tests", "Donut.Filters.Execution.Tests\Donut.Filters.Execution.Tests.csproj", "{46C44F33-658C-4F61-AED0-EBE448280C3A}"
EndProject
Project("{2150E333-8FDC-42A3-9474-1A3956D46DE8}") = "Generators", "Generators", "{E236C919-C466-42A8-9F24-B1A785D2E4EA}"
EndProject
Project("{9A19103F-16F7-4668-BE54-9A1E7A4F7556}") = "Donut.Repository", "Donut.Repository\Donut.Repository.csproj", "{3DD5AF39-14A2-492F-8486-AD8179FC6309}"
EndProject
Project("{9A19103F-16F7-4668-BE54-9A1E7A4F7556}") = "Donut.Repository.Tests", "Donut.Repository.Tests\Donut.Repository.Tests.csproj", "{64C7DDA8-5BAF-472E-BB51-161153074A4D}"
EndProject
Project("{9A19103F-16F7-4668-BE54-9A1E7A4F7556}") = "Donut.Application", "Donut.Application\Donut.Application.csproj", "{80EBE5B0-DDA1-4611-8FD3-5D80CBE20EC5}"
EndProject
Project("{9A19103F-16F7-4668-BE54-9A1E7A4F7556}") = "Donut.Application.Tests", "Donut.Application.Tests\Donut.Application.Tests.csproj", "{6C8B6CDA-42AA-4DBD-BAF2-D8EF8F2C80CD}"
EndProject
Project("{9A19103F-16F7-4668-BE54-9A1E7A4F7556}") = "Donut.Generation.Core", "Donut.Generation.Core\Donut.Generation.Core.csproj", "{8CF7A95D-05D4-477F-A92C-3BACFF6F3A0A}"
EndProject
Project("{9A19103F-16F7-4668-BE54-9A1E7A4F7556}") = "Donut.Generation.Tests", "Donut.Generation.Tests\Donut.Generation.Tests.csproj", "{BB1D5FA4-315B-44F8-893F-D890EE969423}"
EndProject
Project("{FAE04EC0-301F-11D3-BF4B-00C04F79EFBC}") = "Donut.Generation.Performance", "Donut.Generation.Performance\Donut.Generation.Performance.csproj", "{15899676-E48A-41DA-A707-99AF1CA38EB2}"
EndProject
Global
	GlobalSection(SolutionConfigurationPlatforms) = preSolution
		Debug|Any CPU = Debug|Any CPU
		Release|Any CPU = Release|Any CPU
	EndGlobalSection
	GlobalSection(ProjectConfigurationPlatforms) = postSolution
		{2A2F2C41-5C6F-4829-8140-3330080DA391}.Debug|Any CPU.ActiveCfg = Debug|Any CPU
		{2A2F2C41-5C6F-4829-8140-3330080DA391}.Debug|Any CPU.Build.0 = Debug|Any CPU
		{2A2F2C41-5C6F-4829-8140-3330080DA391}.Release|Any CPU.ActiveCfg = Release|Any CPU
		{2A2F2C41-5C6F-4829-8140-3330080DA391}.Release|Any CPU.Build.0 = Release|Any CPU
		{181DE24B-136E-455B-9DD5-383C7E683747}.Debug|Any CPU.ActiveCfg = Debug|Any CPU
		{181DE24B-136E-455B-9DD5-383C7E683747}.Debug|Any CPU.Build.0 = Debug|Any CPU
		{181DE24B-136E-455B-9DD5-383C7E683747}.Release|Any CPU.ActiveCfg = Release|Any CPU
		{181DE24B-136E-455B-9DD5-383C7E683747}.Release|Any CPU.Build.0 = Release|Any CPU
		{510D7D1B-24F2-49ED-ADE7-33F24305CF39}.Debug|Any CPU.ActiveCfg = Debug|Any CPU
		{510D7D1B-24F2-49ED-ADE7-33F24305CF39}.Debug|Any CPU.Build.0 = Debug|Any CPU
		{510D7D1B-24F2-49ED-ADE7-33F24305CF39}.Release|Any CPU.ActiveCfg = Release|Any CPU
		{510D7D1B-24F2-49ED-ADE7-33F24305CF39}.Release|Any CPU.Build.0 = Release|Any CPU
		{06AE8C02-59A9-41BF-946E-7AEBEBEF53FD}.Debug|Any CPU.ActiveCfg = Debug|Any CPU
		{06AE8C02-59A9-41BF-946E-7AEBEBEF53FD}.Debug|Any CPU.Build.0 = Debug|Any CPU
		{06AE8C02-59A9-41BF-946E-7AEBEBEF53FD}.Release|Any CPU.ActiveCfg = Release|Any CPU
		{06AE8C02-59A9-41BF-946E-7AEBEBEF53FD}.Release|Any CPU.Build.0 = Release|Any CPU
		{C14B7EDB-C176-43D5-8CE4-349A291018B8}.Debug|Any CPU.ActiveCfg = Debug|Any CPU
		{C14B7EDB-C176-43D5-8CE4-349A291018B8}.Debug|Any CPU.Build.0 = Debug|Any CPU
		{C14B7EDB-C176-43D5-8CE4-349A291018B8}.Release|Any CPU.ActiveCfg = Release|Any CPU
		{C14B7EDB-C176-43D5-8CE4-349A291018B8}.Release|Any CPU.Build.0 = Release|Any CPU
		{46C44F33-658C-4F61-AED0-EBE448280C3A}.Debug|Any CPU.ActiveCfg = Debug|Any CPU
		{46C44F33-658C-4F61-AED0-EBE448280C3A}.Debug|Any CPU.Build.0 = Debug|Any CPU
		{46C44F33-658C-4F61-AED0-EBE448280C3A}.Release|Any CPU.ActiveCfg = Release|Any CPU
		{46C44F33-658C-4F61-AED0-EBE448280C3A}.Release|Any CPU.Build.0 = Release|Any CPU
		{3DD5AF39-14A2-492F-8486-AD8179FC6309}.Debug|Any CPU.ActiveCfg = Debug|Any CPU
		{3DD5AF39-14A2-492F-8486-AD8179FC6309}.Debug|Any CPU.Build.0 = Debug|Any CPU
		{3DD5AF39-14A2-492F-8486-AD8179FC6309}.Release|Any CPU.ActiveCfg = Release|Any CPU
		{3DD5AF39-14A2-492F-8486-AD8179FC6309}.Release|Any CPU.Build.0 = Release|Any CPU
		{64C7DDA8-5BAF-472E-BB51-161153074A4D}.Debug|Any CPU.ActiveCfg = Debug|Any CPU
		{64C7DDA8-5BAF-472E-BB51-161153074A4D}.Debug|Any CPU.Build.0 = Debug|Any CPU
		{64C7DDA8-5BAF-472E-BB51-161153074A4D}.Release|Any CPU.ActiveCfg = Release|Any CPU
		{64C7DDA8-5BAF-472E-BB51-161153074A4D}.Release|Any CPU.Build.0 = Release|Any CPU
		{80EBE5B0-DDA1-4611-8FD3-5D80CBE20EC5}.Debug|Any CPU.ActiveCfg = Debug|Any CPU
		{80EBE5B0-DDA1-4611-8FD3-5D80CBE20EC5}.Debug|Any CPU.Build.0 = Debug|Any CPU
		{80EBE5B0-DDA1-4611-8FD3-5D80CBE20EC5}.Release|Any CPU.ActiveCfg = Release|Any CPU
		{80EBE5B0-DDA1-4611-8FD3-5D80CBE20EC5}.Release|Any CPU.Build.0 = Release|Any CPU
		{6C8B6CDA-42AA-4DBD-BAF2-D8EF8F2C80CD}.Debug|Any CPU.ActiveCfg = Debug|Any CPU
		{6C8B6CDA-42AA-4DBD-BAF2-D8EF8F2C80CD}.Debug|Any CPU.Build.0 = Debug|Any CPU
		{6C8B6CDA-42AA-4DBD-BAF2-D8EF8F2C80CD}.Release|Any CPU.ActiveCfg = Release|Any CPU
		{6C8B6CDA-42AA-4DBD-BAF2-D8EF8F2C80CD}.Release|Any CPU.Build.0 = Release|Any CPU
		{8CF7A95D-05D4-477F-A92C-3BACFF6F3A0A}.Debug|Any CPU.ActiveCfg = Debug|Any CPU
		{8CF7A95D-05D4-477F-A92C-3BACFF6F3A0A}.Debug|Any CPU.Build.0 = Debug|Any CPU
		{8CF7A95D-05D4-477F-A92C-3BACFF6F3A0A}.Release|Any CPU.ActiveCfg = Release|Any CPU
		{8CF7A95D-05D4-477F-A92C-3BACFF6F3A0A}.Release|Any CPU.Build.0 = Release|Any CPU
		{BB1D5FA4-315B-44F8-893F-D890EE969423}.Debug|Any CPU.ActiveCfg = Debug|Any CPU
		{BB1D5FA4-315B-44F8-893F-D890EE969423}.Debug|Any CPU.Build.0 = Debug|Any CPU
		{BB1D5FA4-315B-44F8-893F-D890EE969423}.Release|Any CPU.ActiveCfg = Release|Any CPU
		{BB1D5FA4-315B-44F8-893F-D890EE969423}.Release|Any CPU.Build.0 = Release|Any CPU
		{15899676-E48A-41DA-A707-99AF1CA38EB2}.Debug|Any CPU.ActiveCfg = Debug|Any CPU
		{15899676-E48A-41DA-A707-99AF1CA38EB2}.Debug|Any CPU.Build.0 = Debug|Any CPU
		{15899676-E48A-41DA-A707-99AF1CA38EB2}.Release|Any CPU.ActiveCfg = Release|Any CPU
		{15899676-E48A-41DA-A707-99AF1CA38EB2}.Release|Any CPU.Build.0 = Release|Any CPU
	EndGlobalSection
	GlobalSection(SolutionProperties) = preSolution
		HideSolutionNode = FALSE
	EndGlobalSection
	GlobalSection(NestedProjects) = preSolution
		{2A2F2C41-5C6F-4829-8140-3330080DA391} = {80DCA1FC-CF68-4356-B8A7-495823286097}
		{181DE24B-136E-455B-9DD5-383C7E683747} = {9CCB26FC-57FD-4C19-A823-8E627C58A1FA}
		{510D7D1B-24F2-49ED-ADE7-33F24305CF39} = {9CCB26FC-57FD-4C19-A823-8E627C58A1FA}
		{06AE8C02-59A9-41BF-946E-7AEBEBEF53FD} = {9CCB26FC-57FD-4C19-A823-8E627C58A1FA}
		{C14B7EDB-C176-43D5-8CE4-349A291018B8} = {9CCB26FC-57FD-4C19-A823-8E627C58A1FA}
		{46C44F33-658C-4F61-AED0-EBE448280C3A} = {9CCB26FC-57FD-4C19-A823-8E627C58A1FA}
		{3DD5AF39-14A2-492F-8486-AD8179FC6309} = {9CCB26FC-57FD-4C19-A823-8E627C58A1FA}
		{64C7DDA8-5BAF-472E-BB51-161153074A4D} = {9CCB26FC-57FD-4C19-A823-8E627C58A1FA}
		{80EBE5B0-DDA1-4611-8FD3-5D80CBE20EC5} = {9CCB26FC-57FD-4C19-A823-8E627C58A1FA}
		{6C8B6CDA-42AA-4DBD-BAF2-D8EF8F2C80CD} = {9CCB26FC-57FD-4C19-A823-8E627C58A1FA}
		{8CF7A95D-05D4-477F-A92C-3BACFF6F3A0A} = {E236C919-C466-42A8-9F24-B1A785D2E4EA}
		{BB1D5FA4-315B-44F8-893F-D890EE969423} = {E236C919-C466-42A8-9F24-B1A785D2E4EA}
		{15899676-E48A-41DA-A707-99AF1CA38EB2} = {E236C919-C466-42A8-9F24-B1A785D2E4EA}
	EndGlobalSection
	GlobalSection(ExtensibilityGlobals) = postSolution
		SolutionGuid = {6E9F7BF3-B3C3-47DE-ACFF-9667C9B50B41}
	EndGlobalSection
EndGlobal
